// !$*UTF8*$!
{
	archiveVersion = 1;
	classes = {
	};
	objectVersion = 46;
	objects = {

/* Begin PBXBuildFile section */
		346ACF531D210A5200FB98BC /* AppDelegate.swift in Sources */ = {isa = PBXBuildFile; fileRef = 346ACF521D210A5200FB98BC /* AppDelegate.swift */; };
		346ACF551D210A5200FB98BC /* ViewController.swift in Sources */ = {isa = PBXBuildFile; fileRef = 346ACF541D210A5200FB98BC /* ViewController.swift */; };
		346ACF581D210A5200FB98BC /* Main.storyboard in Resources */ = {isa = PBXBuildFile; fileRef = 346ACF561D210A5200FB98BC /* Main.storyboard */; };
		346ACF5A1D210A5200FB98BC /* Assets.xcassets in Resources */ = {isa = PBXBuildFile; fileRef = 346ACF591D210A5200FB98BC /* Assets.xcassets */; };
		346ACF5D1D210A5200FB98BC /* LaunchScreen.storyboard in Resources */ = {isa = PBXBuildFile; fileRef = 346ACF5B1D210A5200FB98BC /* LaunchScreen.storyboard */; };
/* End PBXBuildFile section */

/* Begin PBXFileReference section */
		346ACF4F1D210A5200FB98BC /* HelloWorld.app */ = {isa = PBXFileReference; explicitFileType = wrapper.application; includeInIndex = 0; path = HelloWorld.app; sourceTree = BUILT_PRODUCTS_DIR; };
		346ACF521D210A5200FB98BC /* AppDelegate.swift */ = {isa = PBXFileReference; lastKnownFileType = sourcecode.swift; path = AppDelegate.swift; sourceTree = "<group>"; };
		346ACF541D210A5200FB98BC /* ViewController.swift */ = {isa = PBXFileReference; lastKnownFileType = sourcecode.swift; path = ViewController.swift; sourceTree = "<group>"; };
		346ACF571D210A5200FB98BC /* Base */ = {isa = PBXFileReference; lastKnownFileType = file.storyboard; name = Base; path = Base.lproj/Main.storyboard; sourceTree = "<group>"; };
		346ACF591D210A5200FB98BC /* Assets.xcassets */ = {isa = PBXFileReference; lastKnownFileType = folder.assetcatalog; path = Assets.xcassets; sourceTree = "<group>"; };
		346ACF5C1D210A5200FB98BC /* Base */ = {isa = PBXFileReference; lastKnownFileType = file.storyboard; name = Base; path = Base.lproj/LaunchScreen.storyboard; sourceTree = "<group>"; };
		346ACF5E1D210A5200FB98BC /* Info.plist */ = {isa = PBXFileReference; lastKnownFileType = text.plist.xml; path = Info.plist; sourceTree = "<group>"; };
/* End PBXFileReference section */

/* Begin PBXFrameworksBuildPhase section */
		346ACF4C1D210A5200FB98BC /* Frameworks */ = {
			isa = PBXFrameworksBuildPhase;
			buildActionMask = 2147483647;
			files = (
			);
			runOnlyForDeploymentPostprocessing = 0;
		};
/* End PBXFrameworksBuildPhase section */

/* Begin PBXGroup section */
		346ACF461D210A5200FB98BC = {
			isa = PBXGroup;
			children = (
				346ACF511D210A5200FB98BC /* HelloWorld */,
				346ACF501D210A5200FB98BC /* Products */,
			);
			sourceTree = "<group>";
		};
		346ACF501D210A5200FB98BC /* Products */ = {
			isa = PBXGroup;
			children = (
				346ACF4F1D210A5200FB98BC /* HelloWorld.app */,
			);
			name = Products;
			sourceTree = "<group>";
		};
		346ACF511D210A5200FB98BC /* HelloWorld */ = {
			isa = PBXGroup;
			children = (
				346ACF521D210A5200FB98BC /* AppDelegate.swift */,
				346ACF541D210A5200FB98BC /* ViewController.swift */,
				346ACF561D210A5200FB98BC /* Main.storyboard */,
				346ACF591D210A5200FB98BC /* Assets.xcassets */,
				346ACF5B1D210A5200FB98BC /* LaunchScreen.storyboard */,
				346ACF5E1D210A5200FB98BC /* Info.plist */,
			);
			path = HelloWorld;
			sourceTree = "<group>";
		};
/* End PBXGroup section */

/* Begin PBXNativeTarget section */
		346ACF4E1D210A5200FB98BC /* HelloWorld */ = {
			isa = PBXNativeTarget;
			buildConfigurationList = 346ACF611D210A5200FB98BC /* Build configuration list for PBXNativeTarget "HelloWorld" */;
			buildPhases = (
				346ACF4B1D210A5200FB98BC /* Sources */,
				346ACF4C1D210A5200FB98BC /* Frameworks */,
				346ACF4D1D210A5200FB98BC /* Resources */,
			);
			buildRules = (
			);
			dependencies = (
			);
			name = HelloWorld;
			productName = HelloWorld;
			productReference = 346ACF4F1D210A5200FB98BC /* HelloWorld.app */;
			productType = "com.apple.product-type.application";
		};
/* End PBXNativeTarget section */

/* Begin PBXProject section */
		346ACF471D210A5200FB98BC /* Project object */ = {
			isa = PBXProject;
			attributes = {
				LastSwiftUpdateCheck = 0730;
				LastUpgradeCheck = 0730;
				ORGANIZATIONNAME = akihiro.hanai;
				TargetAttributes = {
					346ACF4E1D210A5200FB98BC = {
						CreatedOnToolsVersion = 7.3.1;
						DevelopmentTeam = 39L6VEJ8BT;
					};
				};
			};
			buildConfigurationList = 346ACF4A1D210A5200FB98BC /* Build configuration list for PBXProject "HelloWorld" */;
			compatibilityVersion = "Xcode 3.2";
			developmentRegion = English;
			hasScannedForEncodings = 0;
			knownRegions = (
				en,
				Base,
			);
			mainGroup = 346ACF461D210A5200FB98BC;
			productRefGroup = 346ACF501D210A5200FB98BC /* Products */;
			projectDirPath = "";
			projectRoot = "";
			targets = (
				346ACF4E1D210A5200FB98BC /* HelloWorld */,
			);
		};
/* End PBXProject section */

/* Begin PBXResourcesBuildPhase section */
		346ACF4D1D210A5200FB98BC /* Resources */ = {
			isa = PBXResourcesBuildPhase;
			buildActionMask = 2147483647;
			files = (
				346ACF5D1D210A5200FB98BC /* LaunchScreen.storyboard in Resources */,
				346ACF5A1D210A5200FB98BC /* Assets.xcassets in Resources */,
				346ACF581D210A5200FB98BC /* Main.storyboard in Resources */,
			);
			runOnlyForDeploymentPostprocessing = 0;
		};
/* End PBXResourcesBuildPhase section */

/* Begin PBXSourcesBuildPhase section */
		346ACF4B1D210A5200FB98BC /* Sources */ = {
			isa = PBXSourcesBuildPhase;
			buildActionMask = 2147483647;
			files = (
				346ACF551D210A5200FB98BC /* ViewController.swift in Sources */,
				346ACF531D210A5200FB98BC /* AppDelegate.swift in Sources */,
			);
			runOnlyForDeploymentPostprocessing = 0;
		};
/* End PBXSourcesBuildPhase section */

/* Begin PBXVariantGroup section */
		346ACF561D210A5200FB98BC /* Main.storyboard */ = {
			isa = PBXVariantGroup;
			children = (
				346ACF571D210A5200FB98BC /* Base */,
			);
			name = Main.storyboard;
			sourceTree = "<group>";
		};
		346ACF5B1D210A5200FB98BC /* LaunchScreen.storyboard */ = {
			isa = PBXVariantGroup;
			children = (
				346ACF5C1D210A5200FB98BC /* Base */,
			);
			name = LaunchScreen.storyboard;
			sourceTree = "<group>";
		};
/* End PBXVariantGroup section */

/* Begin XCBuildConfiguration section */
		346ACF5F1D210A5200FB98BC /* Debug */ = {
			isa = XCBuildConfiguration;
			buildSettings = {
				ALWAYS_SEARCH_USER_PATHS = NO;
				CLANG_ANALYZER_NONNULL = YES;
				CLANG_CXX_LANGUAGE_STANDARD = "gnu++0x";
				CLANG_CXX_LIBRARY = "libc++";
				CLANG_ENABLE_MODULES = YES;
				CLANG_ENABLE_OBJC_ARC = YES;
				CLANG_WARN_BOOL_CONVERSION = YES;
				CLANG_WARN_CONSTANT_CONVERSION = YES;
				CLANG_WARN_DIRECT_OBJC_ISA_USAGE = YES_ERROR;
				CLANG_WARN_EMPTY_BODY = YES;
				CLANG_WARN_ENUM_CONVERSION = YES;
				CLANG_WARN_INT_CONVERSION = YES;
				CLANG_WARN_OBJC_ROOT_CLASS = YES_ERROR;
				CLANG_WARN_UNREACHABLE_CODE = YES;
				CLANG_WARN__DUPLICATE_METHOD_MATCH = YES;
				"CODE_SIGN_IDENTITY[sdk=iphoneos*]" = "iPhone Developer";
				COPY_PHASE_STRIP = NO;
				DEBUG_INFORMATION_FORMAT = dwarf;
				ENABLE_STRICT_OBJC_MSGSEND = YES;
				ENABLE_TESTABILITY = YES;
				GCC_C_LANGUAGE_STANDARD = gnu99;
				GCC_DYNAMIC_NO_PIC = NO;
				GCC_NO_COMMON_BLOCKS = YES;
				GCC_OPTIMIZATION_LEVEL = 0;
				GCC_PREPROCESSOR_DEFINITIONS = (
					"DEBUG=1",
					"$(inherited)",
				);
				GCC_WARN_64_TO_32_BIT_CONVERSION = YES;
				GCC_WARN_ABOUT_RETURN_TYPE = YES_ERROR;
				GCC_WARN_UNDECLARED_SELECTOR = YES;
				GCC_WARN_UNINITIALIZED_AUTOS = YES_AGGRESSIVE;
				GCC_WARN_UNUSED_FUNCTION = YES;
				GCC_WARN_UNUSED_VARIABLE = YES;
				IPHONEOS_DEPLOYMENT_TARGET = 9.3;
				MTL_ENABLE_DEBUG_INFO = YES;
				ONLY_ACTIVE_ARCH = YES;
				SDKROOT = iphoneos;
				SWIFT_OPTIMIZATION_LEVEL = "-Onone";
			};
			name = Debug;
		};
		346ACF601D210A5200FB98BC /* Release */ = {
			isa = XCBuildConfiguration;
			buildSettings = {
				ALWAYS_SEARCH_USER_PATHS = NO;
				CLANG_ANALYZER_NONNULL = YES;
				CLANG_CXX_LANGUAGE_STANDARD = "gnu++0x";
				CLANG_CXX_LIBRARY = "libc++";
				CLANG_ENABLE_MODULES = YES;
				CLANG_ENABLE_OBJC_ARC = YES;
				CLANG_WARN_BOOL_CONVERSION = YES;
				CLANG_WARN_CONSTANT_CONVERSION = YES;
				CLANG_WARN_DIRECT_OBJC_ISA_USAGE = YES_ERROR;
				CLANG_WARN_EMPTY_BODY = YES;
				CLANG_WARN_ENUM_CONVERSION = YES;
				CLANG_WARN_INT_CONVERSION = YES;
				CLANG_WARN_OBJC_ROOT_CLASS = YES_ERROR;
				CLANG_WARN_UNREACHABLE_CODE = YES;
				CLANG_WARN__DUPLICATE_METHOD_MATCH = YES;
				"CODE_SIGN_IDENTITY[sdk=iphoneos*]" = "iPhone Developer";
				COPY_PHASE_STRIP = NO;
				DEBUG_INFORMATION_FORMAT = "dwarf-with-dsym";
				ENABLE_NS_ASSERTIONS = NO;
				ENABLE_STRICT_OBJC_MSGSEND = YES;
				GCC_C_LANGUAGE_STANDARD = gnu99;
				GCC_NO_COMMON_BLOCKS = YES;
				GCC_WARN_64_TO_32_BIT_CONVERSION = YES;
				GCC_WARN_ABOUT_RETURN_TYPE = YES_ERROR;
				GCC_WARN_UNDECLARED_SELECTOR = YES;
				GCC_WARN_UNINITIALIZED_AUTOS = YES_AGGRESSIVE;
				GCC_WARN_UNUSED_FUNCTION = YES;
				GCC_WARN_UNUSED_VARIABLE = YES;
				IPHONEOS_DEPLOYMENT_TARGET = 9.3;
				MTL_ENABLE_DEBUG_INFO = NO;
				SDKROOT = iphoneos;
				VALIDATE_PRODUCT = YES;
			};
			name = Release;
		};
		346ACF621D210A5200FB98BC /* Debug */ = {
			isa = XCBuildConfiguration;
			buildSettings = {
				ASSETCATALOG_COMPILER_APPICON_NAME = AppIcon;
				INFOPLIST_FILE = HelloWorld/Info.plist;
				LD_RUNPATH_SEARCH_PATHS = "$(inherited) @executable_path/Frameworks";
				PRODUCT_BUNDLE_IDENTIFIER = jp.techacademy.akihiro.hanai.HelloWorld;
				PRODUCT_NAME = "$(TARGET_NAME)";
			};
			name = Debug;
		};
		346ACF631D210A5200FB98BC /* Release */ = {
			isa = XCBuildConfiguration;
			buildSettings = {
				ASSETCATALOG_COMPILER_APPICON_NAME = AppIcon;
				INFOPLIST_FILE = HelloWorld/Info.plist;
				LD_RUNPATH_SEARCH_PATHS = "$(inherited) @executable_path/Frameworks";
				PRODUCT_BUNDLE_IDENTIFIER = jp.techacademy.akihiro.hanai.HelloWorld;
				PRODUCT_NAME = "$(TARGET_NAME)";
			};
			name = Release;
		};
/* End XCBuildConfiguration section */

/* Begin XCConfigurationList section */
		346ACF4A1D210A5200FB98BC /* Build configuration list for PBXProject "HelloWorld" */ = {
			isa = XCConfigurationList;
			buildConfigurations = (
				346ACF5F1D210A5200FB98BC /* Debug */,
				346ACF601D210A5200FB98BC /* Release */,
			);
			defaultConfigurationIsVisible = 0;
			defaultConfigurationName = Release;
		};
		346ACF611D210A5200FB98BC /* Build configuration list for PBXNativeTarget "HelloWorld" */ = {
			isa = XCConfigurationList;
			buildConfigurations = (
				346ACF621D210A5200FB98BC /* Debug */,
				346ACF631D210A5200FB98BC /* Release */,
			);
			defaultConfigurationIsVisible = 0;
		};
/* End XCConfigurationList section */
	};
	rootObject = 346ACF471D210A5200FB98BC /* Project object */;
}
